<?xml version="1.0" encoding="utf-8"?>
<Project ToolsVersion="4.0" xmlns="http://schemas.microsoft.com/developer/msbuild/2003">
  <ItemGroup>
    <ClCompile Include="Actions\AddCircAction.cpp" />
    <ClCompile Include="Actions\AddHexAction.cpp" />
    <ClCompile Include="Actions\AddSqAction.cpp" />
    <ClCompile Include="Actions\AddTriAction.cpp" />
    <ClCompile Include="Actions\ClearAction.cpp" />
    <ClCompile Include="Actions\Delete.cpp" />
    <ClCompile Include="Actions\DrawColorAction.cpp" />
    <ClCompile Include="Actions\FillColorAction.cpp" />
    <ClCompile Include="Actions\LoadAction.cpp" />
    <ClCompile Include="Actions\Move.cpp" />
    <ClCompile Include="Actions\PlayRecAction.cpp" />
    <ClCompile Include="Actions\RecordAction.cpp" />
    <ClCompile Include="Actions\Redo.cpp" />
    <ClCompile Include="Actions\SaveAction.cpp" />
    <ClCompile Include="Actions\Select.cpp" />
    <ClCompile Include="Actions\StopRecAction.cpp" />
    <ClCompile Include="Actions\Switch_to_play.cpp" />
    <ClCompile Include="Actions\Undo.cpp" />
    <ClCompile Include="CMUgraphicsLib\auxil.cpp" />
    <ClCompile Include="CMUgraphicsLib\CMUgraphics.cpp" />
    <ClCompile Include="CMUgraphicsLib\colors.cpp" />
    <ClCompile Include="CMUgraphicsLib\image.cpp" />
    <ClCompile Include="CMUgraphicsLib\jpegload.c" />
    <ClCompile Include="CMUgraphicsLib\keyqueue.cpp" />
    <ClCompile Include="CMUgraphicsLib\mousequeue.cpp" />
    <ClCompile Include="CMUgraphicsLib\windowinput.cpp" />
    <ClCompile Include="CMUgraphicsLib\jpeg\jcomapi.c" />
    <ClCompile Include="CMUgraphicsLib\jpeg\jcparam.c" />
    <ClCompile Include="CMUgraphicsLib\jpeg\jdapimin.c" />
    <ClCompile Include="CMUgraphicsLib\jpeg\jdapistd.c" />
    <ClCompile Include="CMUgraphicsLib\jpeg\jdatasrc.c" />
    <ClCompile Include="CMUgraphicsLib\jpeg\jdcoefct.c" />
    <ClCompile Include="CMUgraphicsLib\jpeg\jdcolor.c" />
    <ClCompile Include="CMUgraphicsLib\jpeg\jddctmgr.c" />
    <ClCompile Include="CMUgraphicsLib\jpeg\jdhuff.c" />
    <ClCompile Include="CMUgraphicsLib\jpeg\jdinput.c" />
    <ClCompile Include="CMUgraphicsLib\jpeg\jdmainct.c" />
    <ClCompile Include="CMUgraphicsLib\jpeg\jdmarker.c" />
    <ClCompile Include="CMUgraphicsLib\jpeg\jdmaster.c" />
    <ClCompile Include="CMUgraphicsLib\jpeg\jdmerge.c" />
    <ClCompile Include="CMUgraphicsLib\jpeg\jdphuff.c" />
    <ClCompile Include="CMUgraphicsLib\jpeg\jdpostct.c" />
    <ClCompile Include="CMUgraphicsLib\jpeg\jdsample.c" />
    <ClCompile Include="CMUgraphicsLib\jpeg\jdtrans.c" />
    <ClCompile Include="CMUgraphicsLib\jpeg\jerror.c" />
    <ClCompile Include="CMUgraphicsLib\jpeg\jidctflt.c" />
    <ClCompile Include="CMUgraphicsLib\jpeg\jidctfst.c" />
    <ClCompile Include="CMUgraphicsLib\jpeg\jidctint.c" />
    <ClCompile Include="CMUgraphicsLib\jpeg\jidctred.c" />
    <ClCompile Include="CMUgraphicsLib\jpeg\jmemmgr.c" />
    <ClCompile Include="CMUgraphicsLib\jpeg\jmemnobs.c" />
    <ClCompile Include="CMUgraphicsLib\jpeg\jquant1.c" />
    <ClCompile Include="CMUgraphicsLib\jpeg\jquant2.c" />
    <ClCompile Include="CMUgraphicsLib\jpeg\jutils.c" />
    <ClCompile Include="Figures\CCircle.cpp" />
    <ClCompile Include="Figures\CFigure.cpp" />
    <ClCompile Include="Figures\CHexagon.cpp" />
    <ClCompile Include="Figures\CRectangle.cpp" />
    <ClCompile Include="Actions\AddRectAction.cpp" />
    <ClCompile Include="Figures\CSquare.cpp" />
    <ClCompile Include="Figures\CTriangle.cpp" />
    <ClCompile Include="GUI\Input.cpp" />
    <ClCompile Include="GUI\Output.cpp" />
    <ClCompile Include="ApplicationManager.cpp" />
    <ClCompile Include="main.cpp" />
    <ClCompile Include="Actions\pick_by_both.cpp" />
    <ClCompile Include="Actions\pick_by_color.cpp" />
    <ClCompile Include="Actions\pick_by_figure.cpp" />
    <ClCompile Include="Actions\Action.cpp" />
    <ClCompile Include="Actions\SwitchToDraw.cpp" />
  </ItemGroup>
  <ItemGroup>
    <ClInclude Include="Actions\AddCircAction.h" />
    <ClInclude Include="Actions\AddHexAction.h" />
    <ClInclude Include="Actions\AddSqAction.h" />
    <ClInclude Include="Actions\AddTriAction.h" />
    <ClInclude Include="Actions\ClearAction.h" />
    <ClInclude Include="Actions\Delete.h" />
    <ClInclude Include="Actions\DrawColorAction.h" />
    <ClInclude Include="Actions\FillColorAction.h" />
    <ClInclude Include="Actions\LoadAction.h" />
    <ClInclude Include="Actions\Move.h" />
    <ClInclude Include="Actions\PlayRecAction.h" />
    <ClInclude Include="Actions\RecordAction.h" />
    <ClInclude Include="Actions\Redo.h" />
    <ClInclude Include="Actions\SaveAction.h" />
    <ClInclude Include="Actions\Select.h" />
    <ClInclude Include="Actions\StopRecAction.h" />
    <ClInclude Include="Actions\Switch_to_play.h" />
    <ClInclude Include="Actions\Undo.h" />
    <ClInclude Include="CMUgraphicsLib\auxil.h" />
    <ClInclude Include="CMUgraphicsLib\CMUgraphics.h" />
    <ClInclude Include="CMUgraphicsLib\colors.h" />
    <ClInclude Include="CMUgraphicsLib\error.h" />
    <ClInclude Include="CMUgraphicsLib\image.h" />
    <ClInclude Include="CMUgraphicsLib\jpegload.h" />
    <ClInclude Include="CMUgraphicsLib\keyqueue.h" />
    <ClInclude Include="CMUgraphicsLib\mousequeue.h" />
    <ClInclude Include="CMUgraphicsLib\version.h" />
    <ClInclude Include="CMUgraphicsLib\windowinput.h" />
    <ClInclude Include="CMUgraphicsLib\jpeg\jconfig.h" />
    <ClInclude Include="CMUgraphicsLib\jpeg\jdct.h" />
    <ClInclude Include="CMUgraphicsLib\jpeg\jdhuff.h" />
    <ClInclude Include="CMUgraphicsLib\jpeg\jerror.h" />
    <ClInclude Include="CMUgraphicsLib\jpeg\jinclude.h" />
    <ClInclude Include="CMUgraphicsLib\jpeg\jmemsys.h" />
    <ClInclude Include="CMUgraphicsLib\jpeg\jmorecfg.h" />
    <ClInclude Include="CMUgraphicsLib\jpeg\jpegint.h" />
    <ClInclude Include="CMUgraphicsLib\jpeg\jpeglib.h" />
    <ClInclude Include="CMUgraphicsLib\jpeg\jversion.h" />
    <ClInclude Include="Figures\CCircle.h" />
    <ClInclude Include="Figures\CFigure.h" />
    <ClInclude Include="Figures\CHexagon.h" />
    <ClInclude Include="Figures\CRectangle.h" />
    <ClInclude Include="Actions\Action.h" />
    <ClInclude Include="Actions\AddRectAction.h" />
    <ClInclude Include="Figures\CSquare.h" />
    <ClInclude Include="Figures\CTriangle.h" />
    <ClInclude Include="GUI\Input.h" />
    <ClInclude Include="GUI\Output.h" />
    <ClInclude Include="GUI\UI_Info.h" />
    <ClInclude Include="ApplicationManager.h" />
    <ClInclude Include="DEFS.h" />
    <ClInclude Include="Actions\pick_by_both.h" />
    <ClInclude Include="Actions\pick_by_color.h" />
    <ClInclude Include="Actions\pick_by_figure.h" />
    <ClInclude Include="Actions\SwitchToDraw.h" />
  </ItemGroup>
  <ItemGroup>
    <None Include="ClassDiagram.cd" />
  </ItemGroup>
</Project>